# This file is automatically @generated by Cargo.
# It is not intended for manual editing.
version = 3

[[package]]
name = "adv"
version = "0.1.0"
dependencies = [
 "common",
 "d1",
 "d2",
 "d3",
 "d4",
 "d5",
 "d6",
]

[[package]]
name = "common"
version = "0.1.0"

[[package]]
name = "d1"
version = "0.1.0"

[[package]]
name = "d2"
version = "0.1.0"

[[package]]
name = "d3"
version = "0.1.0"

[[package]]
name = "d4"
version = "0.1.0"

[[package]]
name = "d5"
version = "0.1.0"

[[package]]
name = "d6"
version = "0.1.0"
